
Microsoft Visual Studio Solution File, Format Version 12.00
# Visual Studio Version 16
VisualStudioVersion = 16.0.30320.27
MinimumVisualStudioVersion = 10.0.40219.1
Project("{FAE04EC0-301F-11D3-BF4B-00C04F79EFBC}") = "Tests", "Tests\Tests.csproj", "{B435D976-2C08-4541-BE7A-7A642F2ACB1C}"
EndProject
Global
	GlobalSection(SolutionConfigurationPlatforms) = preSolution
		Debug|Any CPU = Debug|Any CPU
		Release|Any CPU = Release|Any CPU
	EndGlobalSection
	GlobalSection(ProjectConfigurationPlatforms) = postSolution
		{B435D976-2C08-4541-BE7A-7A642F2ACB1C}.Debug|Any CPU.ActiveCfg = Debug|Any CPU
		{B435D976-2C08-4541-BE7A-7A642F2ACB1C}.Debug|Any CPU.Build.0 = Debug|Any CPU
		{B435D976-2C08-4541-BE7A-7A642F2ACB1C}.Release|Any CPU.ActiveCfg = Release|Any CPU
		{B435D976-2C08-4541-BE7A-7A642F2ACB1C}.Release|Any CPU.Build.0 = Release|Any CPU
	EndGlobalSection
	GlobalSection(SolutionProperties) = preSolution
		HideSolutionNode = FALSE
	EndGlobalSection
	GlobalSection(ExtensibilityGlobals) = postSolution
		SolutionGuid = {77D89900-75B7-40B4-A468-16D224957440}
	EndGlobalSection
EndGlobal
